
Microsoft Visual Studio Solution File, Format Version 12.00
# Visual Studio Version 16
VisualStudioVersion = 16.0.29920.165
MinimumVisualStudioVersion = 10.0.40219.1
Project("{FAE04EC0-301F-11D3-BF4B-00C04F79EFBC}") = "GDU Management", "GDU Management\GDU Management.csproj", "{D567515B-B4C9-4817-924D-31C1279B47BB}"
EndProject
Global
	GlobalSection(SolutionConfigurationPlatforms) = preSolution
		Debug|Any CPU = Debug|Any CPU
		Release|Any CPU = Release|Any CPU
	EndGlobalSection
	GlobalSection(ProjectConfigurationPlatforms) = postSolution
		{D567515B-B4C9-4817-924D-31C1279B47BB}.Debug|Any CPU.ActiveCfg = Debug|Any CPU
		{D567515B-B4C9-4817-924D-31C1279B47BB}.Debug|Any CPU.Build.0 = Debug|Any CPU
		{D567515B-B4C9-4817-924D-31C1279B47BB}.Release|Any CPU.ActiveCfg = Debug|Any CPU
		{D567515B-B4C9-4817-924D-31C1279B47BB}.Release|Any CPU.Build.0 = Debug|Any CPU
	EndGlobalSection
	GlobalSection(SolutionProperties) = preSolution
		HideSolutionNode = FALSE
	EndGlobalSection
	GlobalSection(ExtensibilityGlobals) = postSolution
		SolutionGuid = {2036D5FA-957B-4AAF-B8A4-03C9515A909C}
	EndGlobalSection
EndGlobal
